
Microsoft Visual Studio Solution File, Format Version 12.00
# Visual Studio Version 16
VisualStudioVersion = 16.0.29306.81
MinimumVisualStudioVersion = 10.0.40219.1
Project("{FAE04EC0-301F-11D3-BF4B-00C04F79EFBC}") = "Propiedades TimeSpan", "Propiedades TimeSpan\Propiedades TimeSpan.csproj", "{D9CA9214-3627-4EC6-878C-AC4310AEF625}"
EndProject
Global
	GlobalSection(SolutionConfigurationPlatforms) = preSolution
		Debug|Any CPU = Debug|Any CPU
		Release|Any CPU = Release|Any CPU
	EndGlobalSection
	GlobalSection(ProjectConfigurationPlatforms) = postSolution
		{D9CA9214-3627-4EC6-878C-AC4310AEF625}.Debug|Any CPU.ActiveCfg = Debug|Any CPU
		{D9CA9214-3627-4EC6-878C-AC4310AEF625}.Debug|Any CPU.Build.0 = Debug|Any CPU
		{D9CA9214-3627-4EC6-878C-AC4310AEF625}.Release|Any CPU.ActiveCfg = Release|Any CPU
		{D9CA9214-3627-4EC6-878C-AC4310AEF625}.Release|Any CPU.Build.0 = Release|Any CPU
	EndGlobalSection
	GlobalSection(SolutionProperties) = preSolution
		HideSolutionNode = FALSE
	EndGlobalSection
	GlobalSection(ExtensibilityGlobals) = postSolution
		SolutionGuid = {DAE96157-EACE-4886-B360-3D078FCD2572}
	EndGlobalSection
EndGlobal
